// !$*UTF8*$!
{
	archiveVersion = 1;
	classes = {
	};
	objectVersion = 46;
	objects = {

/* Begin PBXBuildFile section */
		5546F9C919EE51C100328E5E /* CWTextStorage.m in Sources */ = {isa = PBXBuildFile; fileRef = 5546F9C819EE51C100328E5E /* CWTextStorage.m */; };
		55759BEA1827A24100D82CB6 /* face1.png in Resources */ = {isa = PBXBuildFile; fileRef = 55759B831827A24000D82CB6 /* face1.png */; };
		55759BEB1827A24100D82CB6 /* face10.png in Resources */ = {isa = PBXBuildFile; fileRef = 55759B841827A24000D82CB6 /* face10.png */; };
		55759BEC1827A24100D82CB6 /* face100.gif in Resources */ = {isa = PBXBuildFile; fileRef = 55759B851827A24000D82CB6 /* face100.gif */; };
		55759BED1827A24100D82CB6 /* face101.png in Resources */ = {isa = PBXBuildFile; fileRef = 55759B861827A24000D82CB6 /* face101.png */; };
		55759BEE1827A24100D82CB6 /* face102.png in Resources */ = {isa = PBXBuildFile; fileRef = 55759B871827A24000D82CB6 /* face102.png */; };
		55759BEF1827A24100D82CB6 /* face103.png in Resources */ = {isa = PBXBuildFile; fileRef = 55759B881827A24000D82CB6 /* face103.png */; };
		55759BF01827A24100D82CB6 /* face11.png in Resources */ = {isa = PBXBuildFile; fileRef = 55759B891827A24000D82CB6 /* face11.png */; };
		55759BF11827A24100D82CB6 /* face12.png in Resources */ = {isa = PBXBuildFile; fileRef = 55759B8A1827A24000D82CB6 /* face12.png */; };
		55759BF21827A24100D82CB6 /* face13.png in Resources */ = {isa = PBXBuildFile; fileRef = 55759B8B1827A24000D82CB6 /* face13.png */; };
		55759BF31827A24100D82CB6 /* face14.png in Resources */ = {isa = PBXBuildFile; fileRef = 55759B8C1827A24000D82CB6 /* face14.png */; };
		55759BF41827A24100D82CB6 /* face15.png in Resources */ = {isa = PBXBuildFile; fileRef = 55759B8D1827A24000D82CB6 /* face15.png */; };
		55759BF51827A24100D82CB6 /* face16.png in Resources */ = {isa = PBXBuildFile; fileRef = 55759B8E1827A24000D82CB6 /* face16.png */; };
		55759BF61827A24100D82CB6 /* face17.png in Resources */ = {isa = PBXBuildFile; fileRef = 55759B8F1827A24000D82CB6 /* face17.png */; };
		55759BF71827A24100D82CB6 /* face18.png in Resources */ = {isa = PBXBuildFile; fileRef = 55759B901827A24000D82CB6 /* face18.png */; };
		55759BF81827A24100D82CB6 /* face19.png in Resources */ = {isa = PBXBuildFile; fileRef = 55759B911827A24000D82CB6 /* face19.png */; };
		55759BF91827A24100D82CB6 /* face2.png in Resources */ = {isa = PBXBuildFile; fileRef = 55759B921827A24000D82CB6 /* face2.png */; };
		55759BFA1827A24100D82CB6 /* face20.png in Resources */ = {isa = PBXBuildFile; fileRef = 55759B931827A24000D82CB6 /* face20.png */; };
		55759BFB1827A24100D82CB6 /* face21.png in Resources */ = {isa = PBXBuildFile; fileRef = 55759B941827A24000D82CB6 /* face21.png */; };
		55759BFC1827A24100D82CB6 /* face22.png in Resources */ = {isa = PBXBuildFile; fileRef = 55759B951827A24000D82CB6 /* face22.png */; };
		55759BFD1827A24100D82CB6 /* face23.png in Resources */ = {isa = PBXBuildFile; fileRef = 55759B961827A24000D82CB6 /* face23.png */; };
		55759BFE1827A24100D82CB6 /* face24.png in Resources */ = {isa = PBXBuildFile; fileRef = 55759B971827A24000D82CB6 /* face24.png */; };
		55759BFF1827A24100D82CB6 /* face25.png in Resources */ = {isa = PBXBuildFile; fileRef = 55759B981827A24000D82CB6 /* face25.png */; };
		55759C001827A24100D82CB6 /* face26.png in Resources */ = {isa = PBXBuildFile; fileRef = 55759B991827A24000D82CB6 /* face26.png */; };
		55759C011827A24100D82CB6 /* face27.png in Resources */ = {isa = PBXBuildFile; fileRef = 55759B9A1827A24000D82CB6 /* face27.png */; };
		55759C021827A24100D82CB6 /* face28.png in Resources */ = {isa = PBXBuildFile; fileRef = 55759B9B1827A24000D82CB6 /* face28.png */; };
		55759C031827A24100D82CB6 /* face29.png in Resources */ = {isa = PBXBuildFile; fileRef = 55759B9C1827A24000D82CB6 /* face29.png */; };
		55759C041827A24100D82CB6 /* face3.png in Resources */ = {isa = PBXBuildFile; fileRef = 55759B9D1827A24000D82CB6 /* face3.png */; };
		55759C051827A24100D82CB6 /* face30.png in Resources */ = {isa = PBXBuildFile; fileRef = 55759B9E1827A24000D82CB6 /* face30.png */; };
		55759C061827A24100D82CB6 /* face31.png in Resources */ = {isa = PBXBuildFile; fileRef = 55759B9F1827A24000D82CB6 /* face31.png */; };
		55759C071827A24100D82CB6 /* face32.png in Resources */ = {isa = PBXBuildFile; fileRef = 55759BA01827A24000D82CB6 /* face32.png */; };
		55759C081827A24100D82CB6 /* face33.gif in Resources */ = {isa = PBXBuildFile; fileRef = 55759BA11827A24000D82CB6 /* face33.gif */; };
		55759C091827A24100D82CB6 /* face34.png in Resources */ = {isa = PBXBuildFile; fileRef = 55759BA21827A24000D82CB6 /* face34.png */; };
		55759C0A1827A24100D82CB6 /* face35.png in Resources */ = {isa = PBXBuildFile; fileRef = 55759BA31827A24000D82CB6 /* face35.png */; };
		55759C0B1827A24100D82CB6 /* face36.png in Resources */ = {isa = PBXBuildFile; fileRef = 55759BA41827A24000D82CB6 /* face36.png */; };
		55759C0C1827A24100D82CB6 /* face37.png in Resources */ = {isa = PBXBuildFile; fileRef = 55759BA51827A24000D82CB6 /* face37.png */; };
		55759C0D1827A24100D82CB6 /* face38.png in Resources */ = {isa = PBXBuildFile; fileRef = 55759BA61827A24000D82CB6 /* face38.png */; };
		55759C0E1827A24100D82CB6 /* face39.gif in Resources */ = {isa = PBXBuildFile; fileRef = 55759BA71827A24000D82CB6 /* face39.gif */; };
		55759C0F1827A24100D82CB6 /* face4.png in Resources */ = {isa = PBXBuildFile; fileRef = 55759BA81827A24000D82CB6 /* face4.png */; };
		55759C101827A24100D82CB6 /* face40.png in Resources */ = {isa = PBXBuildFile; fileRef = 55759BA91827A24000D82CB6 /* face40.png */; };
		55759C111827A24100D82CB6 /* face41.png in Resources */ = {isa = PBXBuildFile; fileRef = 55759BAA1827A24000D82CB6 /* face41.png */; };
		55759C121827A24100D82CB6 /* face42.png in Resources */ = {isa = PBXBuildFile; fileRef = 55759BAB1827A24000D82CB6 /* face42.png */; };
		55759C131827A24100D82CB6 /* face43.png in Resources */ = {isa = PBXBuildFile; fileRef = 55759BAC1827A24000D82CB6 /* face43.png */; };
		55759C141827A24100D82CB6 /* face44.png in Resources */ = {isa = PBXBuildFile; fileRef = 55759BAD1827A24000D82CB6 /* face44.png */; };
		55759C151827A24100D82CB6 /* face45.png in Resources */ = {isa = PBXBuildFile; fileRef = 55759BAE1827A24000D82CB6 /* face45.png */; };
		55759C161827A24100D82CB6 /* face46.png in Resources */ = {isa = PBXBuildFile; fileRef = 55759BAF1827A24000D82CB6 /* face46.png */; };
		55759C171827A24100D82CB6 /* face47.png in Resources */ = {isa = PBXBuildFile; fileRef = 55759BB01827A24000D82CB6 /* face47.png */; };
		55759C181827A24100D82CB6 /* face48.png in Resources */ = {isa = PBXBuildFile; fileRef = 55759BB11827A24000D82CB6 /* face48.png */; };
		55759C191827A24100D82CB6 /* face49.png in Resources */ = {isa = PBXBuildFile; fileRef = 55759BB21827A24000D82CB6 /* face49.png */; };
		55759C1A1827A24100D82CB6 /* face5.png in Resources */ = {isa = PBXBuildFile; fileRef = 55759BB31827A24000D82CB6 /* face5.png */; };
		55759C1B1827A24100D82CB6 /* face50.png in Resources */ = {isa = PBXBuildFile; fileRef = 55759BB41827A24000D82CB6 /* face50.png */; };
		55759C1C1827A24100D82CB6 /* face51.png in Resources */ = {isa = PBXBuildFile; fileRef = 55759BB51827A24000D82CB6 /* face51.png */; };
		55759C1D1827A24100D82CB6 /* face52.png in Resources */ = {isa = PBXBuildFile; fileRef = 55759BB61827A24000D82CB6 /* face52.png */; };
		55759C1E1827A24100D82CB6 /* face53.png in Resources */ = {isa = PBXBuildFile; fileRef = 55759BB71827A24000D82CB6 /* face53.png */; };
		55759C1F1827A24100D82CB6 /* face54.png in Resources */ = {isa = PBXBuildFile; fileRef = 55759BB81827A24000D82CB6 /* face54.png */; };
		55759C201827A24100D82CB6 /* face55.gif in Resources */ = {isa = PBXBuildFile; fileRef = 55759BB91827A24000D82CB6 /* face55.gif */; };
		55759C211827A24100D82CB6 /* face56.png in Resources */ = {isa = PBXBuildFile; fileRef = 55759BBA1827A24000D82CB6 /* face56.png */; };
		55759C221827A24100D82CB6 /* face57.png in Resources */ = {isa = PBXBuildFile; fileRef = 55759BBB1827A24000D82CB6 /* face57.png */; };
		55759C231827A24100D82CB6 /* face58.png in Resources */ = {isa = PBXBuildFile; fileRef = 55759BBC1827A24000D82CB6 /* face58.png */; };
		55759C241827A24100D82CB6 /* face59.png in Resources */ = {isa = PBXBuildFile; fileRef = 55759BBD1827A24000D82CB6 /* face59.png */; };
		55759C251827A24100D82CB6 /* face6.png in Resources */ = {isa = PBXBuildFile; fileRef = 55759BBE1827A24000D82CB6 /* face6.png */; };
		55759C261827A24100D82CB6 /* face60.png in Resources */ = {isa = PBXBuildFile; fileRef = 55759BBF1827A24000D82CB6 /* face60.png */; };
		55759C271827A24100D82CB6 /* face61.gif in Resources */ = {isa = PBXBuildFile; fileRef = 55759BC01827A24000D82CB6 /* face61.gif */; };
		55759C281827A24100D82CB6 /* face62.gif in Resources */ = {isa = PBXBuildFile; fileRef = 55759BC11827A24000D82CB6 /* face62.gif */; };
		55759C291827A24100D82CB6 /* face63.gif in Resources */ = {isa = PBXBuildFile; fileRef = 55759BC21827A24000D82CB6 /* face63.gif */; };
		55759C2A1827A24100D82CB6 /* face64.gif in Resources */ = {isa = PBXBuildFile; fileRef = 55759BC31827A24000D82CB6 /* face64.gif */; };
		55759C2B1827A24100D82CB6 /* face65.png in Resources */ = {isa = PBXBuildFile; fileRef = 55759BC41827A24000D82CB6 /* face65.png */; };
		55759C2C1827A24100D82CB6 /* face66.png in Resources */ = {isa = PBXBuildFile; fileRef = 55759BC51827A24100D82CB6 /* face66.png */; };
		55759C2D1827A24100D82CB6 /* face67.png in Resources */ = {isa = PBXBuildFile; fileRef = 55759BC61827A24100D82CB6 /* face67.png */; };
		55759C2E1827A24100D82CB6 /* face68.png in Resources */ = {isa = PBXBuildFile; fileRef = 55759BC71827A24100D82CB6 /* face68.png */; };
		55759C2F1827A24100D82CB6 /* face69.png in Resources */ = {isa = PBXBuildFile; fileRef = 55759BC81827A24100D82CB6 /* face69.png */; };
		55759C301827A24100D82CB6 /* face7.png in Resources */ = {isa = PBXBuildFile; fileRef = 55759BC91827A24100D82CB6 /* face7.png */; };
		55759C311827A24100D82CB6 /* face70.gif in Resources */ = {isa = PBXBuildFile; fileRef = 55759BCA1827A24100D82CB6 /* face70.gif */; };
		55759C321827A24100D82CB6 /* face71.gif in Resources */ = {isa = PBXBuildFile; fileRef = 55759BCB1827A24100D82CB6 /* face71.gif */; };
		55759C331827A24100D82CB6 /* face72.gif in Resources */ = {isa = PBXBuildFile; fileRef = 55759BCC1827A24100D82CB6 /* face72.gif */; };
		55759C341827A24100D82CB6 /* face73.png in Resources */ = {isa = PBXBuildFile; fileRef = 55759BCD1827A24100D82CB6 /* face73.png */; };
		55759C351827A24100D82CB6 /* face74.png in Resources */ = {isa = PBXBuildFile; fileRef = 55759BCE1827A24100D82CB6 /* face74.png */; };
		55759C361827A24100D82CB6 /* face75.png in Resources */ = {isa = PBXBuildFile; fileRef = 55759BCF1827A24100D82CB6 /* face75.png */; };
		55759C371827A24100D82CB6 /* face76.png in Resources */ = {isa = PBXBuildFile; fileRef = 55759BD01827A24100D82CB6 /* face76.png */; };
		55759C381827A24100D82CB6 /* face77.png in Resources */ = {isa = PBXBuildFile; fileRef = 55759BD11827A24100D82CB6 /* face77.png */; };
		55759C391827A24100D82CB6 /* face78.png in Resources */ = {isa = PBXBuildFile; fileRef = 55759BD21827A24100D82CB6 /* face78.png */; };
		55759C3A1827A24100D82CB6 /* face79.png in Resources */ = {isa = PBXBuildFile; fileRef = 55759BD31827A24100D82CB6 /* face79.png */; };
		55759C3B1827A24100D82CB6 /* face8.png in Resources */ = {isa = PBXBuildFile; fileRef = 55759BD41827A24100D82CB6 /* face8.png */; };
		55759C3C1827A24100D82CB6 /* face80.gif in Resources */ = {isa = PBXBuildFile; fileRef = 55759BD51827A24100D82CB6 /* face80.gif */; };
		55759C3D1827A24100D82CB6 /* face81.png in Resources */ = {isa = PBXBuildFile; fileRef = 55759BD61827A24100D82CB6 /* face81.png */; };
		55759C3E1827A24100D82CB6 /* face82.png in Resources */ = {isa = PBXBuildFile; fileRef = 55759BD71827A24100D82CB6 /* face82.png */; };
		55759C3F1827A24100D82CB6 /* face83.png in Resources */ = {isa = PBXBuildFile; fileRef = 55759BD81827A24100D82CB6 /* face83.png */; };
		55759C401827A24100D82CB6 /* face84.gif in Resources */ = {isa = PBXBuildFile; fileRef = 55759BD91827A24100D82CB6 /* face84.gif */; };
		55759C411827A24100D82CB6 /* face85.png in Resources */ = {isa = PBXBuildFile; fileRef = 55759BDA1827A24100D82CB6 /* face85.png */; };
		55759C421827A24100D82CB6 /* face86.png in Resources */ = {isa = PBXBuildFile; fileRef = 55759BDB1827A24100D82CB6 /* face86.png */; };
		55759C431827A24100D82CB6 /* face87.png in Resources */ = {isa = PBXBuildFile; fileRef = 55759BDC1827A24100D82CB6 /* face87.png */; };
		55759C441827A24100D82CB6 /* face88.png in Resources */ = {isa = PBXBuildFile; fileRef = 55759BDD1827A24100D82CB6 /* face88.png */; };
		55759C451827A24100D82CB6 /* face89.png in Resources */ = {isa = PBXBuildFile; fileRef = 55759BDE1827A24100D82CB6 /* face89.png */; };
		55759C461827A24100D82CB6 /* face9.png in Resources */ = {isa = PBXBuildFile; fileRef = 55759BDF1827A24100D82CB6 /* face9.png */; };
		55759C471827A24100D82CB6 /* face90.png in Resources */ = {isa = PBXBuildFile; fileRef = 55759BE01827A24100D82CB6 /* face90.png */; };
		55759C481827A24100D82CB6 /* face91.png in Resources */ = {isa = PBXBuildFile; fileRef = 55759BE11827A24100D82CB6 /* face91.png */; };
		55759C491827A24100D82CB6 /* face92.png in Resources */ = {isa = PBXBuildFile; fileRef = 55759BE21827A24100D82CB6 /* face92.png */; };
		55759C4A1827A24100D82CB6 /* face93.png in Resources */ = {isa = PBXBuildFile; fileRef = 55759BE31827A24100D82CB6 /* face93.png */; };
		55759C4B1827A24100D82CB6 /* face94.png in Resources */ = {isa = PBXBuildFile; fileRef = 55759BE41827A24100D82CB6 /* face94.png */; };
		55759C4C1827A24100D82CB6 /* face95.gif in Resources */ = {isa = PBXBuildFile; fileRef = 55759BE51827A24100D82CB6 /* face95.gif */; };
		55759C4D1827A24100D82CB6 /* face96.gif in Resources */ = {isa = PBXBuildFile; fileRef = 55759BE61827A24100D82CB6 /* face96.gif */; };
		55759C4E1827A24100D82CB6 /* face97.gif in Resources */ = {isa = PBXBuildFile; fileRef = 55759BE71827A24100D82CB6 /* face97.gif */; };
		55759C4F1827A24100D82CB6 /* face98.gif in Resources */ = {isa = PBXBuildFile; fileRef = 55759BE81827A24100D82CB6 /* face98.gif */; };
		55759C501827A24100D82CB6 /* face99.gif in Resources */ = {isa = PBXBuildFile; fileRef = 55759BE91827A24100D82CB6 /* face99.gif */; };
		55759C531827A25500D82CB6 /* emotionImage.plist in Resources */ = {isa = PBXBuildFile; fileRef = 55759C511827A25500D82CB6 /* emotionImage.plist */; };
		55759C541827A25500D82CB6 /* emotion.plist in Resources */ = {isa = PBXBuildFile; fileRef = 55759C521827A25500D82CB6 /* emotion.plist */; };
		55759C571827A32600D82CB6 /* NSString+Weibo.m in Sources */ = {isa = PBXBuildFile; fileRef = 55759C561827A32600D82CB6 /* NSString+Weibo.m */; };
		5579949419EE3E6B006C8E4F /* CWTouchesGestureRecognizer.m in Sources */ = {isa = PBXBuildFile; fileRef = 5579949319EE3E6B006C8E4F /* CWTouchesGestureRecognizer.m */; };
		55F01AE818223C7C00B14D65 /* Foundation.framework in Frameworks */ = {isa = PBXBuildFile; fileRef = 55F01AE718223C7C00B14D65 /* Foundation.framework */; };
		55F01AEA18223C7C00B14D65 /* CoreGraphics.framework in Frameworks */ = {isa = PBXBuildFile; fileRef = 55F01AE918223C7C00B14D65 /* CoreGraphics.framework */; };
		55F01AEC18223C7C00B14D65 /* UIKit.framework in Frameworks */ = {isa = PBXBuildFile; fileRef = 55F01AEB18223C7C00B14D65 /* UIKit.framework */; };
		55F01AF218223C7C00B14D65 /* InfoPlist.strings in Resources */ = {isa = PBXBuildFile; fileRef = 55F01AF018223C7C00B14D65 /* InfoPlist.strings */; };
		55F01AF418223C7C00B14D65 /* main.m in Sources */ = {isa = PBXBuildFile; fileRef = 55F01AF318223C7C00B14D65 /* main.m */; };
		55F01AF818223C7C00B14D65 /* AppDelegate.m in Sources */ = {isa = PBXBuildFile; fileRef = 55F01AF718223C7C00B14D65 /* AppDelegate.m */; };
		55F01AFB18223C7C00B14D65 /* Main.storyboard in Resources */ = {isa = PBXBuildFile; fileRef = 55F01AF918223C7C00B14D65 /* Main.storyboard */; };
		55F01AFE18223C7C00B14D65 /* ViewController.m in Sources */ = {isa = PBXBuildFile; fileRef = 55F01AFD18223C7C00B14D65 /* ViewController.m */; };
		55F01B0018223C7C00B14D65 /* Images.xcassets in Resources */ = {isa = PBXBuildFile; fileRef = 55F01AFF18223C7C00B14D65 /* Images.xcassets */; };
		55F01B0718223C7C00B14D65 /* XCTest.framework in Frameworks */ = {isa = PBXBuildFile; fileRef = 55F01B0618223C7C00B14D65 /* XCTest.framework */; };
		55F01B0818223C7C00B14D65 /* Foundation.framework in Frameworks */ = {isa = PBXBuildFile; fileRef = 55F01AE718223C7C00B14D65 /* Foundation.framework */; };
		55F01B0918223C7C00B14D65 /* UIKit.framework in Frameworks */ = {isa = PBXBuildFile; fileRef = 55F01AEB18223C7C00B14D65 /* UIKit.framework */; };
		55F01B1118223C7C00B14D65 /* InfoPlist.strings in Resources */ = {isa = PBXBuildFile; fileRef = 55F01B0F18223C7C00B14D65 /* InfoPlist.strings */; };
		55F01B1318223C7C00B14D65 /* CoreTextDemo_iOS7Tests.m in Sources */ = {isa = PBXBuildFile; fileRef = 55F01B1218223C7C00B14D65 /* CoreTextDemo_iOS7Tests.m */; };
		55F01B1E18223CB500B14D65 /* CWCoreTextView.m in Sources */ = {isa = PBXBuildFile; fileRef = 55F01B1D18223CB500B14D65 /* CWCoreTextView.m */; };
/* End PBXBuildFile section */

/* Begin PBXContainerItemProxy section */
		55F01B0A18223C7C00B14D65 /* PBXContainerItemProxy */ = {
			isa = PBXContainerItemProxy;
			containerPortal = 55F01ADC18223C7C00B14D65 /* Project object */;
			proxyType = 1;
			remoteGlobalIDString = 55F01AE318223C7C00B14D65;
			remoteInfo = CoreTextDemo_iOS7;
		};
/* End PBXContainerItemProxy section */

/* Begin PBXFileReference section */
		5546F9C719EE51C100328E5E /* CWTextStorage.h */ = {isa = PBXFileReference; fileEncoding = 4; lastKnownFileType = sourcecode.c.h; path = CWTextStorage.h; sourceTree = "<group>"; };
		5546F9C819EE51C100328E5E /* CWTextStorage.m */ = {isa = PBXFileReference; fileEncoding = 4; lastKnownFileType = sourcecode.c.objc; path = CWTextStorage.m; sourceTree = "<group>"; };
		55759B831827A24000D82CB6 /* face1.png */ = {isa = PBXFileReference; lastKnownFileType = image.png; path = face1.png; sourceTree = "<group>"; };
		55759B841827A24000D82CB6 /* face10.png */ = {isa = PBXFileReference; lastKnownFileType = image.png; path = face10.png; sourceTree = "<group>"; };
		55759B851827A24000D82CB6 /* face100.gif */ = {isa = PBXFileReference; lastKnownFileType = image.gif; path = face100.gif; sourceTree = "<group>"; };
		55759B861827A24000D82CB6 /* face101.png */ = {isa = PBXFileReference; lastKnownFileType = image.png; path = face101.png; sourceTree = "<group>"; };
		55759B871827A24000D82CB6 /* face102.png */ = {isa = PBXFileReference; lastKnownFileType = image.png; path = face102.png; sourceTree = "<group>"; };
		55759B881827A24000D82CB6 /* face103.png */ = {isa = PBXFileReference; lastKnownFileType = image.png; path = face103.png; sourceTree = "<group>"; };
		55759B891827A24000D82CB6 /* face11.png */ = {isa = PBXFileReference; lastKnownFileType = image.png; path = face11.png; sourceTree = "<group>"; };
		55759B8A1827A24000D82CB6 /* face12.png */ = {isa = PBXFileReference; lastKnownFileType = image.png; path = face12.png; sourceTree = "<group>"; };
		55759B8B1827A24000D82CB6 /* face13.png */ = {isa = PBXFileReference; lastKnownFileType = image.png; path = face13.png; sourceTree = "<group>"; };
		55759B8C1827A24000D82CB6 /* face14.png */ = {isa = PBXFileReference; lastKnownFileType = image.png; path = face14.png; sourceTree = "<group>"; };
		55759B8D1827A24000D82CB6 /* face15.png */ = {isa = PBXFileReference; lastKnownFileType = image.png; path = face15.png; sourceTree = "<group>"; };
		55759B8E1827A24000D82CB6 /* face16.png */ = {isa = PBXFileReference; lastKnownFileType = image.png; path = face16.png; sourceTree = "<group>"; };
		55759B8F1827A24000D82CB6 /* face17.png */ = {isa = PBXFileReference; lastKnownFileType = image.png; path = face17.png; sourceTree = "<group>"; };
		55759B901827A24000D82CB6 /* face18.png */ = {isa = PBXFileReference; lastKnownFileType = image.png; path = face18.png; sourceTree = "<group>"; };
		55759B911827A24000D82CB6 /* face19.png */ = {isa = PBXFileReference; lastKnownFileType = image.png; path = face19.png; sourceTree = "<group>"; };
		55759B921827A24000D82CB6 /* face2.png */ = {isa = PBXFileReference; lastKnownFileType = image.png; path = face2.png; sourceTree = "<group>"; };
		55759B931827A24000D82CB6 /* face20.png */ = {isa = PBXFileReference; lastKnownFileType = image.png; path = face20.png; sourceTree = "<group>"; };
		55759B941827A24000D82CB6 /* face21.png */ = {isa = PBXFileReference; lastKnownFileType = image.png; path = face21.png; sourceTree = "<group>"; };
		55759B951827A24000D82CB6 /* face22.png */ = {isa = PBXFileReference; lastKnownFileType = image.png; path = face22.png; sourceTree = "<group>"; };
		55759B961827A24000D82CB6 /* face23.png */ = {isa = PBXFileReference; lastKnownFileType = image.png; path = face23.png; sourceTree = "<group>"; };
		55759B971827A24000D82CB6 /* face24.png */ = {isa = PBXFileReference; lastKnownFileType = image.png; path = face24.png; sourceTree = "<group>"; };
		55759B981827A24000D82CB6 /* face25.png */ = {isa = PBXFileReference; lastKnownFileType = image.png; path = face25.png; sourceTree = "<group>"; };
		55759B991827A24000D82CB6 /* face26.png */ = {isa = PBXFileReference; lastKnownFileType = image.png; path = face26.png; sourceTree = "<group>"; };
		55759B9A1827A24000D82CB6 /* face27.png */ = {isa = PBXFileReference; lastKnownFileType = image.png; path = face27.png; sourceTree = "<group>"; };
		55759B9B1827A24000D82CB6 /* face28.png */ = {isa = PBXFileReference; lastKnownFileType = image.png; path = face28.png; sourceTree = "<group>"; };
		55759B9C1827A24000D82CB6 /* face29.png */ = {isa = PBXFileReference; lastKnownFileType = image.png; path = face29.png; sourceTree = "<group>"; };
		55759B9D1827A24000D82CB6 /* face3.png */ = {isa = PBXFileReference; lastKnownFileType = image.png; path = face3.png; sourceTree = "<group>"; };
		55759B9E1827A24000D82CB6 /* face30.png */ = {isa = PBXFileReference; lastKnownFileType = image.png; path = face30.png; sourceTree = "<group>"; };
		55759B9F1827A24000D82CB6 /* face31.png */ = {isa = PBXFileReference; lastKnownFileType = image.png; path = face31.png; sourceTree = "<group>"; };
		55759BA01827A24000D82CB6 /* face32.png */ = {isa = PBXFileReference; lastKnownFileType = image.png; path = face32.png; sourceTree = "<group>"; };
		55759BA11827A24000D82CB6 /* face33.gif */ = {isa = PBXFileReference; lastKnownFileType = image.gif; path = face33.gif; sourceTree = "<group>"; };
		55759BA21827A24000D82CB6 /* face34.png */ = {isa = PBXFileReference; lastKnownFileType = image.png; path = face34.png; sourceTree = "<group>"; };
		55759BA31827A24000D82CB6 /* face35.png */ = {isa = PBXFileReference; lastKnownFileType = image.png; path = face35.png; sourceTree = "<group>"; };
		55759BA41827A24000D82CB6 /* face36.png */ = {isa = PBXFileReference; lastKnownFileType = image.png; path = face36.png; sourceTree = "<group>"; };
		55759BA51827A24000D82CB6 /* face37.png */ = {isa = PBXFileReference; lastKnownFileType = image.png; path = face37.png; sourceTree = "<group>"; };
		55759BA61827A24000D82CB6 /* face38.png */ = {isa = PBXFileReference; lastKnownFileType = image.png; path = face38.png; sourceTree = "<group>"; };
		55759BA71827A24000D82CB6 /* face39.gif */ = {isa = PBXFileReference; lastKnownFileType = image.gif; path = face39.gif; sourceTree = "<group>"; };
		55759BA81827A24000D82CB6 /* face4.png */ = {isa = PBXFileReference; lastKnownFileType = image.png; path = face4.png; sourceTree = "<group>"; };
		55759BA91827A24000D82CB6 /* face40.png */ = {isa = PBXFileReference; lastKnownFileType = image.png; path = face40.png; sourceTree = "<group>"; };
		55759BAA1827A24000D82CB6 /* face41.png */ = {isa = PBXFileReference; lastKnownFileType = image.png; path = face41.png; sourceTree = "<group>"; };
		55759BAB1827A24000D82CB6 /* face42.png */ = {isa = PBXFileReference; lastKnownFileType = image.png; path = face42.png; sourceTree = "<group>"; };
		55759BAC1827A24000D82CB6 /* face43.png */ = {isa = PBXFileReference; lastKnownFileType = image.png; path = face43.png; sourceTree = "<group>"; };
		55759BAD1827A24000D82CB6 /* face44.png */ = {isa = PBXFileReference; lastKnownFileType = image.png; path = face44.png; sourceTree = "<group>"; };
		55759BAE1827A24000D82CB6 /* face45.png */ = {isa = PBXFileReference; lastKnownFileType = image.png; path = face45.png; sourceTree = "<group>"; };
		55759BAF1827A24000D82CB6 /* face46.png */ = {isa = PBXFileReference; lastKnownFileType = image.png; path = face46.png; sourceTree = "<group>"; };
		55759BB01827A24000D82CB6 /* face47.png */ = {isa = PBXFileReference; lastKnownFileType = image.png; path = face47.png; sourceTree = "<group>"; };
		55759BB11827A24000D82CB6 /* face48.png */ = {isa = PBXFileReference; lastKnownFileType = image.png; path = face48.png; sourceTree = "<group>"; };
		55759BB21827A24000D82CB6 /* face49.png */ = {isa = PBXFileReference; lastKnownFileType = image.png; path = face49.png; sourceTree = "<group>"; };
		55759BB31827A24000D82CB6 /* face5.png */ = {isa = PBXFileReference; lastKnownFileType = image.png; path = face5.png; sourceTree = "<group>"; };
		55759BB41827A24000D82CB6 /* face50.png */ = {isa = PBXFileReference; lastKnownFileType = image.png; path = face50.png; sourceTree = "<group>"; };
		55759BB51827A24000D82CB6 /* face51.png */ = {isa = PBXFileReference; lastKnownFileType = image.png; path = face51.png; sourceTree = "<group>"; };
		55759BB61827A24000D82CB6 /* face52.png */ = {isa = PBXFileReference; lastKnownFileType = image.png; path = face52.png; sourceTree = "<group>"; };
		55759BB71827A24000D82CB6 /* face53.png */ = {isa = PBXFileReference; lastKnownFileType = image.png; path = face53.png; sourceTree = "<group>"; };
		55759BB81827A24000D82CB6 /* face54.png */ = {isa = PBXFileReference; lastKnownFileType = image.png; path = face54.png; sourceTree = "<group>"; };
		55759BB91827A24000D82CB6 /* face55.gif */ = {isa = PBXFileReference; lastKnownFileType = image.gif; path = face55.gif; sourceTree = "<group>"; };
		55759BBA1827A24000D82CB6 /* face56.png */ = {isa = PBXFileReference; lastKnownFileType = image.png; path = face56.png; sourceTree = "<group>"; };
		55759BBB1827A24000D82CB6 /* face57.png */ = {isa = PBXFileReference; lastKnownFileType = image.png; path = face57.png; sourceTree = "<group>"; };
		55759BBC1827A24000D82CB6 /* face58.png */ = {isa = PBXFileReference; lastKnownFileType = image.png; path = face58.png; sourceTree = "<group>"; };
		55759BBD1827A24000D82CB6 /* face59.png */ = {isa = PBXFileReference; lastKnownFileType = image.png; path = face59.png; sourceTree = "<group>"; };
		55759BBE1827A24000D82CB6 /* face6.png */ = {isa = PBXFileReference; lastKnownFileType = image.png; path = face6.png; sourceTree = "<group>"; };
		55759BBF1827A24000D82CB6 /* face60.png */ = {isa = PBXFileReference; lastKnownFileType = image.png; path = face60.png; sourceTree = "<group>"; };
		55759BC01827A24000D82CB6 /* face61.gif */ = {isa = PBXFileReference; lastKnownFileType = image.gif; path = face61.gif; sourceTree = "<group>"; };
		55759BC11827A24000D82CB6 /* face62.gif */ = {isa = PBXFileReference; lastKnownFileType = image.gif; path = face62.gif; sourceTree = "<group>"; };
		55759BC21827A24000D82CB6 /* face63.gif */ = {isa = PBXFileReference; lastKnownFileType = image.gif; path = face63.gif; sourceTree = "<group>"; };
		55759BC31827A24000D82CB6 /* face64.gif */ = {isa = PBXFileReference; lastKnownFileType = image.gif; path = face64.gif; sourceTree = "<group>"; };
		55759BC41827A24000D82CB6 /* face65.png */ = {isa = PBXFileReference; lastKnownFileType = image.png; path = face65.png; sourceTree = "<group>"; };
		55759BC51827A24100D82CB6 /* face66.png */ = {isa = PBXFileReference; lastKnownFileType = image.png; path = face66.png; sourceTree = "<group>"; };
		55759BC61827A24100D82CB6 /* face67.png */ = {isa = PBXFileReference; lastKnownFileType = image.png; path = face67.png; sourceTree = "<group>"; };
		55759BC71827A24100D82CB6 /* face68.png */ = {isa = PBXFileReference; lastKnownFileType = image.png; path = face68.png; sourceTree = "<group>"; };
		55759BC81827A24100D82CB6 /* face69.png */ = {isa = PBXFileReference; lastKnownFileType = image.png; path = face69.png; sourceTree = "<group>"; };
		55759BC91827A24100D82CB6 /* face7.png */ = {isa = PBXFileReference; lastKnownFileType = image.png; path = face7.png; sourceTree = "<group>"; };
		55759BCA1827A24100D82CB6 /* face70.gif */ = {isa = PBXFileReference; lastKnownFileType = image.gif; path = face70.gif; sourceTree = "<group>"; };
		55759BCB1827A24100D82CB6 /* face71.gif */ = {isa = PBXFileReference; lastKnownFileType = image.gif; path = face71.gif; sourceTree = "<group>"; };
		55759BCC1827A24100D82CB6 /* face72.gif */ = {isa = PBXFileReference; lastKnownFileType = image.gif; path = face72.gif; sourceTree = "<group>"; };
		55759BCD1827A24100D82CB6 /* face73.png */ = {isa = PBXFileReference; lastKnownFileType = image.png; path = face73.png; sourceTree = "<group>"; };
		55759BCE1827A24100D82CB6 /* face74.png */ = {isa = PBXFileReference; lastKnownFileType = image.png; path = face74.png; sourceTree = "<group>"; };
		55759BCF1827A24100D82CB6 /* face75.png */ = {isa = PBXFileReference; lastKnownFileType = image.png; path = face75.png; sourceTree = "<group>"; };
		55759BD01827A24100D82CB6 /* face76.png */ = {isa = PBXFileReference; lastKnownFileType = image.png; path = face76.png; sourceTree = "<group>"; };
		55759BD11827A24100D82CB6 /* face77.png */ = {isa = PBXFileReference; lastKnownFileType = image.png; path = face77.png; sourceTree = "<group>"; };
		55759BD21827A24100D82CB6 /* face78.png */ = {isa = PBXFileReference; lastKnownFileType = image.png; path = face78.png; sourceTree = "<group>"; };
		55759BD31827A24100D82CB6 /* face79.png */ = {isa = PBXFileReference; lastKnownFileType = image.png; path = face79.png; sourceTree = "<group>"; };
		55759BD41827A24100D82CB6 /* face8.png */ = {isa = PBXFileReference; lastKnownFileType = image.png; path = face8.png; sourceTree = "<group>"; };
		55759BD51827A24100D82CB6 /* face80.gif */ = {isa = PBXFileReference; lastKnownFileType = image.gif; path = face80.gif; sourceTree = "<group>"; };
		55759BD61827A24100D82CB6 /* face81.png */ = {isa = PBXFileReference; lastKnownFileType = image.png; path = face81.png; sourceTree = "<group>"; };
		55759BD71827A24100D82CB6 /* face82.png */ = {isa = PBXFileReference; lastKnownFileType = image.png; path = face82.png; sourceTree = "<group>"; };
		55759BD81827A24100D82CB6 /* face83.png */ = {isa = PBXFileReference; lastKnownFileType = image.png; path = face83.png; sourceTree = "<group>"; };
		55759BD91827A24100D82CB6 /* face84.gif */ = {isa = PBXFileReference; lastKnownFileType = image.gif; path = face84.gif; sourceTree = "<group>"; };
		55759BDA1827A24100D82CB6 /* face85.png */ = {isa = PBXFileReference; lastKnownFileType = image.png; path = face85.png; sourceTree = "<group>"; };
		55759BDB1827A24100D82CB6 /* face86.png */ = {isa = PBXFileReference; lastKnownFileType = image.png; path = face86.png; sourceTree = "<group>"; };
		55759BDC1827A24100D82CB6 /* face87.png */ = {isa = PBXFileReference; lastKnownFileType = image.png; path = face87.png; sourceTree = "<group>"; };
		55759BDD1827A24100D82CB6 /* face88.png */ = {isa = PBXFileReference; lastKnownFileType = image.png; path = face88.png; sourceTree = "<group>"; };
		55759BDE1827A24100D82CB6 /* face89.png */ = {isa = PBXFileReference; lastKnownFileType = image.png; path = face89.png; sourceTree = "<group>"; };
		55759BDF1827A24100D82CB6 /* face9.png */ = {isa = PBXFileReference; lastKnownFileType = image.png; path = face9.png; sourceTree = "<group>"; };
		55759BE01827A24100D82CB6 /* face90.png */ = {isa = PBXFileReference; lastKnownFileType = image.png; path = face90.png; sourceTree = "<group>"; };
		55759BE11827A24100D82CB6 /* face91.png */ = {isa = PBXFileReference; lastKnownFileType = image.png; path = face91.png; sourceTree = "<group>"; };
		55759BE21827A24100D82CB6 /* face92.png */ = {isa = PBXFileReference; lastKnownFileType = image.png; path = face92.png; sourceTree = "<group>"; };
		55759BE31827A24100D82CB6 /* face93.png */ = {isa = PBXFileReference; lastKnownFileType = image.png; path = face93.png; sourceTree = "<group>"; };
		55759BE41827A24100D82CB6 /* face94.png */ = {isa = PBXFileReference; lastKnownFileType = image.png; path = face94.png; sourceTree = "<group>"; };
		55759BE51827A24100D82CB6 /* face95.gif */ = {isa = PBXFileReference; lastKnownFileType = image.gif; path = face95.gif; sourceTree = "<group>"; };
		55759BE61827A24100D82CB6 /* face96.gif */ = {isa = PBXFileReference; lastKnownFileType = image.gif; path = face96.gif; sourceTree = "<group>"; };
		55759BE71827A24100D82CB6 /* face97.gif */ = {isa = PBXFileReference; lastKnownFileType = image.gif; path = face97.gif; sourceTree = "<group>"; };
		55759BE81827A24100D82CB6 /* face98.gif */ = {isa = PBXFileReference; lastKnownFileType = image.gif; path = face98.gif; sourceTree = "<group>"; };
		55759BE91827A24100D82CB6 /* face99.gif */ = {isa = PBXFileReference; lastKnownFileType = image.gif; path = face99.gif; sourceTree = "<group>"; };
		55759C511827A25500D82CB6 /* emotionImage.plist */ = {isa = PBXFileReference; fileEncoding = 4; lastKnownFileType = text.plist.xml; path = emotionImage.plist; sourceTree = "<group>"; };
		55759C521827A25500D82CB6 /* emotion.plist */ = {isa = PBXFileReference; fileEncoding = 4; lastKnownFileType = text.plist.xml; path = emotion.plist; sourceTree = "<group>"; };
		55759C551827A32600D82CB6 /* NSString+Weibo.h */ = {isa = PBXFileReference; fileEncoding = 4; lastKnownFileType = sourcecode.c.h; path = "NSString+Weibo.h"; sourceTree = "<group>"; };
		55759C561827A32600D82CB6 /* NSString+Weibo.m */ = {isa = PBXFileReference; fileEncoding = 4; lastKnownFileType = sourcecode.c.objc; path = "NSString+Weibo.m"; sourceTree = "<group>"; };
		5579949219EE3E6B006C8E4F /* CWTouchesGestureRecognizer.h */ = {isa = PBXFileReference; fileEncoding = 4; lastKnownFileType = sourcecode.c.h; path = CWTouchesGestureRecognizer.h; sourceTree = "<group>"; };
		5579949319EE3E6B006C8E4F /* CWTouchesGestureRecognizer.m */ = {isa = PBXFileReference; fileEncoding = 4; lastKnownFileType = sourcecode.c.objc; path = CWTouchesGestureRecognizer.m; sourceTree = "<group>"; };
		55F01AE418223C7C00B14D65 /* CoreTextDemo_iOS7.app */ = {isa = PBXFileReference; explicitFileType = wrapper.application; includeInIndex = 0; path = CoreTextDemo_iOS7.app; sourceTree = BUILT_PRODUCTS_DIR; };
		55F01AE718223C7C00B14D65 /* Foundation.framework */ = {isa = PBXFileReference; lastKnownFileType = wrapper.framework; name = Foundation.framework; path = System/Library/Frameworks/Foundation.framework; sourceTree = SDKROOT; };
		55F01AE918223C7C00B14D65 /* CoreGraphics.framework */ = {isa = PBXFileReference; lastKnownFileType = wrapper.framework; name = CoreGraphics.framework; path = System/Library/Frameworks/CoreGraphics.framework; sourceTree = SDKROOT; };
		55F01AEB18223C7C00B14D65 /* UIKit.framework */ = {isa = PBXFileReference; lastKnownFileType = wrapper.framework; name = UIKit.framework; path = System/Library/Frameworks/UIKit.framework; sourceTree = SDKROOT; };
		55F01AEF18223C7C00B14D65 /* CoreTextDemo_iOS7-Info.plist */ = {isa = PBXFileReference; lastKnownFileType = text.plist.xml; path = "CoreTextDemo_iOS7-Info.plist"; sourceTree = "<group>"; };
		55F01AF118223C7C00B14D65 /* en */ = {isa = PBXFileReference; lastKnownFileType = text.plist.strings; name = en; path = en.lproj/InfoPlist.strings; sourceTree = "<group>"; };
		55F01AF318223C7C00B14D65 /* main.m */ = {isa = PBXFileReference; lastKnownFileType = sourcecode.c.objc; path = main.m; sourceTree = "<group>"; };
		55F01AF518223C7C00B14D65 /* CoreTextDemo_iOS7-Prefix.pch */ = {isa = PBXFileReference; lastKnownFileType = sourcecode.c.h; path = "CoreTextDemo_iOS7-Prefix.pch"; sourceTree = "<group>"; };
		55F01AF618223C7C00B14D65 /* AppDelegate.h */ = {isa = PBXFileReference; lastKnownFileType = sourcecode.c.h; path = AppDelegate.h; sourceTree = "<group>"; };
		55F01AF718223C7C00B14D65 /* AppDelegate.m */ = {isa = PBXFileReference; lastKnownFileType = sourcecode.c.objc; path = AppDelegate.m; sourceTree = "<group>"; };
		55F01AFA18223C7C00B14D65 /* Base */ = {isa = PBXFileReference; lastKnownFileType = file.storyboard; name = Base; path = Base.lproj/Main.storyboard; sourceTree = "<group>"; };
		55F01AFC18223C7C00B14D65 /* ViewController.h */ = {isa = PBXFileReference; lastKnownFileType = sourcecode.c.h; path = ViewController.h; sourceTree = "<group>"; };
		55F01AFD18223C7C00B14D65 /* ViewController.m */ = {isa = PBXFileReference; lastKnownFileType = sourcecode.c.objc; path = ViewController.m; sourceTree = "<group>"; };
		55F01AFF18223C7C00B14D65 /* Images.xcassets */ = {isa = PBXFileReference; lastKnownFileType = folder.assetcatalog; path = Images.xcassets; sourceTree = "<group>"; };
		55F01B0518223C7C00B14D65 /* CoreTextDemo_iOS7Tests.xctest */ = {isa = PBXFileReference; explicitFileType = wrapper.cfbundle; includeInIndex = 0; path = CoreTextDemo_iOS7Tests.xctest; sourceTree = BUILT_PRODUCTS_DIR; };
		55F01B0618223C7C00B14D65 /* XCTest.framework */ = {isa = PBXFileReference; lastKnownFileType = wrapper.framework; name = XCTest.framework; path = Library/Frameworks/XCTest.framework; sourceTree = DEVELOPER_DIR; };
		55F01B0E18223C7C00B14D65 /* CoreTextDemo_iOS7Tests-Info.plist */ = {isa = PBXFileReference; lastKnownFileType = text.plist.xml; path = "CoreTextDemo_iOS7Tests-Info.plist"; sourceTree = "<group>"; };
		55F01B1018223C7C00B14D65 /* en */ = {isa = PBXFileReference; lastKnownFileType = text.plist.strings; name = en; path = en.lproj/InfoPlist.strings; sourceTree = "<group>"; };
		55F01B1218223C7C00B14D65 /* CoreTextDemo_iOS7Tests.m */ = {isa = PBXFileReference; lastKnownFileType = sourcecode.c.objc; path = CoreTextDemo_iOS7Tests.m; sourceTree = "<group>"; };
		55F01B1C18223CB500B14D65 /* CWCoreTextView.h */ = {isa = PBXFileReference; fileEncoding = 4; lastKnownFileType = sourcecode.c.h; path = CWCoreTextView.h; sourceTree = "<group>"; };
		55F01B1D18223CB500B14D65 /* CWCoreTextView.m */ = {isa = PBXFileReference; fileEncoding = 4; lastKnownFileType = sourcecode.c.objc; path = CWCoreTextView.m; sourceTree = "<group>"; };
/* End PBXFileReference section */

/* Begin PBXFrameworksBuildPhase section */
		55F01AE118223C7C00B14D65 /* Frameworks */ = {
			isa = PBXFrameworksBuildPhase;
			buildActionMask = 2147483647;
			files = (
				55F01AEA18223C7C00B14D65 /* CoreGraphics.framework in Frameworks */,
				55F01AEC18223C7C00B14D65 /* UIKit.framework in Frameworks */,
				55F01AE818223C7C00B14D65 /* Foundation.framework in Frameworks */,
			);
			runOnlyForDeploymentPostprocessing = 0;
		};
		55F01B0218223C7C00B14D65 /* Frameworks */ = {
			isa = PBXFrameworksBuildPhase;
			buildActionMask = 2147483647;
			files = (
				55F01B0718223C7C00B14D65 /* XCTest.framework in Frameworks */,
				55F01B0918223C7C00B14D65 /* UIKit.framework in Frameworks */,
				55F01B0818223C7C00B14D65 /* Foundation.framework in Frameworks */,
			);
			runOnlyForDeploymentPostprocessing = 0;
		};
/* End PBXFrameworksBuildPhase section */

/* Begin PBXGroup section */
		55759B821827A24000D82CB6 /* face */ = {
			isa = PBXGroup;
			children = (
				55759B831827A24000D82CB6 /* face1.png */,
				55759B841827A24000D82CB6 /* face10.png */,
				55759B851827A24000D82CB6 /* face100.gif */,
				55759B861827A24000D82CB6 /* face101.png */,
				55759B871827A24000D82CB6 /* face102.png */,
				55759B881827A24000D82CB6 /* face103.png */,
				55759B891827A24000D82CB6 /* face11.png */,
				55759B8A1827A24000D82CB6 /* face12.png */,
				55759B8B1827A24000D82CB6 /* face13.png */,
				55759B8C1827A24000D82CB6 /* face14.png */,
				55759B8D1827A24000D82CB6 /* face15.png */,
				55759B8E1827A24000D82CB6 /* face16.png */,
				55759B8F1827A24000D82CB6 /* face17.png */,
				55759B901827A24000D82CB6 /* face18.png */,
				55759B911827A24000D82CB6 /* face19.png */,
				55759B921827A24000D82CB6 /* face2.png */,
				55759B931827A24000D82CB6 /* face20.png */,
				55759B941827A24000D82CB6 /* face21.png */,
				55759B951827A24000D82CB6 /* face22.png */,
				55759B961827A24000D82CB6 /* face23.png */,
				55759B971827A24000D82CB6 /* face24.png */,
				55759B981827A24000D82CB6 /* face25.png */,
				55759B991827A24000D82CB6 /* face26.png */,
				55759B9A1827A24000D82CB6 /* face27.png */,
				55759B9B1827A24000D82CB6 /* face28.png */,
				55759B9C1827A24000D82CB6 /* face29.png */,
				55759B9D1827A24000D82CB6 /* face3.png */,
				55759B9E1827A24000D82CB6 /* face30.png */,
				55759B9F1827A24000D82CB6 /* face31.png */,
				55759BA01827A24000D82CB6 /* face32.png */,
				55759BA11827A24000D82CB6 /* face33.gif */,
				55759BA21827A24000D82CB6 /* face34.png */,
				55759BA31827A24000D82CB6 /* face35.png */,
				55759BA41827A24000D82CB6 /* face36.png */,
				55759BA51827A24000D82CB6 /* face37.png */,
				55759BA61827A24000D82CB6 /* face38.png */,
				55759BA71827A24000D82CB6 /* face39.gif */,
				55759BA81827A24000D82CB6 /* face4.png */,
				55759BA91827A24000D82CB6 /* face40.png */,
				55759BAA1827A24000D82CB6 /* face41.png */,
				55759BAB1827A24000D82CB6 /* face42.png */,
				55759BAC1827A24000D82CB6 /* face43.png */,
				55759BAD1827A24000D82CB6 /* face44.png */,
				55759BAE1827A24000D82CB6 /* face45.png */,
				55759BAF1827A24000D82CB6 /* face46.png */,
				55759BB01827A24000D82CB6 /* face47.png */,
				55759BB11827A24000D82CB6 /* face48.png */,
				55759BB21827A24000D82CB6 /* face49.png */,
				55759BB31827A24000D82CB6 /* face5.png */,
				55759BB41827A24000D82CB6 /* face50.png */,
				55759BB51827A24000D82CB6 /* face51.png */,
				55759BB61827A24000D82CB6 /* face52.png */,
				55759BB71827A24000D82CB6 /* face53.png */,
				55759BB81827A24000D82CB6 /* face54.png */,
				55759BB91827A24000D82CB6 /* face55.gif */,
				55759BBA1827A24000D82CB6 /* face56.png */,
				55759BBB1827A24000D82CB6 /* face57.png */,
				55759BBC1827A24000D82CB6 /* face58.png */,
				55759BBD1827A24000D82CB6 /* face59.png */,
				55759BBE1827A24000D82CB6 /* face6.png */,
				55759BBF1827A24000D82CB6 /* face60.png */,
				55759BC01827A24000D82CB6 /* face61.gif */,
				55759BC11827A24000D82CB6 /* face62.gif */,
				55759BC21827A24000D82CB6 /* face63.gif */,
				55759BC31827A24000D82CB6 /* face64.gif */,
				55759BC41827A24000D82CB6 /* face65.png */,
				55759BC51827A24100D82CB6 /* face66.png */,
				55759BC61827A24100D82CB6 /* face67.png */,
				55759BC71827A24100D82CB6 /* face68.png */,
				55759BC81827A24100D82CB6 /* face69.png */,
				55759BC91827A24100D82CB6 /* face7.png */,
				55759BCA1827A24100D82CB6 /* face70.gif */,
				55759BCB1827A24100D82CB6 /* face71.gif */,
				55759BCC1827A24100D82CB6 /* face72.gif */,
				55759BCD1827A24100D82CB6 /* face73.png */,
				55759BCE1827A24100D82CB6 /* face74.png */,
				55759BCF1827A24100D82CB6 /* face75.png */,
				55759BD01827A24100D82CB6 /* face76.png */,
				55759BD11827A24100D82CB6 /* face77.png */,
				55759BD21827A24100D82CB6 /* face78.png */,
				55759BD31827A24100D82CB6 /* face79.png */,
				55759BD41827A24100D82CB6 /* face8.png */,
				55759BD51827A24100D82CB6 /* face80.gif */,
				55759BD61827A24100D82CB6 /* face81.png */,
				55759BD71827A24100D82CB6 /* face82.png */,
				55759BD81827A24100D82CB6 /* face83.png */,
				55759BD91827A24100D82CB6 /* face84.gif */,
				55759BDA1827A24100D82CB6 /* face85.png */,
				55759BDB1827A24100D82CB6 /* face86.png */,
				55759BDC1827A24100D82CB6 /* face87.png */,
				55759BDD1827A24100D82CB6 /* face88.png */,
				55759BDE1827A24100D82CB6 /* face89.png */,
				55759BDF1827A24100D82CB6 /* face9.png */,
				55759BE01827A24100D82CB6 /* face90.png */,
				55759BE11827A24100D82CB6 /* face91.png */,
				55759BE21827A24100D82CB6 /* face92.png */,
				55759BE31827A24100D82CB6 /* face93.png */,
				55759BE41827A24100D82CB6 /* face94.png */,
				55759BE51827A24100D82CB6 /* face95.gif */,
				55759BE61827A24100D82CB6 /* face96.gif */,
				55759BE71827A24100D82CB6 /* face97.gif */,
				55759BE81827A24100D82CB6 /* face98.gif */,
				55759BE91827A24100D82CB6 /* face99.gif */,
			);
			path = face;
			sourceTree = "<group>";
		};
		55F01ADB18223C7C00B14D65 = {
			isa = PBXGroup;
			children = (
				55759B821827A24000D82CB6 /* face */,
				55F01AED18223C7C00B14D65 /* CoreTextDemo_iOS7 */,
				55F01B0C18223C7C00B14D65 /* CoreTextDemo_iOS7Tests */,
				55F01AE618223C7C00B14D65 /* Frameworks */,
				55F01AE518223C7C00B14D65 /* Products */,
			);
			sourceTree = "<group>";
		};
		55F01AE518223C7C00B14D65 /* Products */ = {
			isa = PBXGroup;
			children = (
				55F01AE418223C7C00B14D65 /* CoreTextDemo_iOS7.app */,
				55F01B0518223C7C00B14D65 /* CoreTextDemo_iOS7Tests.xctest */,
			);
			name = Products;
			sourceTree = "<group>";
		};
		55F01AE618223C7C00B14D65 /* Frameworks */ = {
			isa = PBXGroup;
			children = (
				55F01AE718223C7C00B14D65 /* Foundation.framework */,
				55F01AE918223C7C00B14D65 /* CoreGraphics.framework */,
				55F01AEB18223C7C00B14D65 /* UIKit.framework */,
				55F01B0618223C7C00B14D65 /* XCTest.framework */,
			);
			name = Frameworks;
			sourceTree = "<group>";
		};
		55F01AED18223C7C00B14D65 /* CoreTextDemo_iOS7 */ = {
			isa = PBXGroup;
			children = (
				55759C551827A32600D82CB6 /* NSString+Weibo.h */,
				55759C561827A32600D82CB6 /* NSString+Weibo.m */,
				55F01AF618223C7C00B14D65 /* AppDelegate.h */,
				55F01AF718223C7C00B14D65 /* AppDelegate.m */,
				55F01AF918223C7C00B14D65 /* Main.storyboard */,
				55F01AFC18223C7C00B14D65 /* ViewController.h */,
				55F01AFD18223C7C00B14D65 /* ViewController.m */,
				5546F9C719EE51C100328E5E /* CWTextStorage.h */,
				5546F9C819EE51C100328E5E /* CWTextStorage.m */,
				55F01B1C18223CB500B14D65 /* CWCoreTextView.h */,
				55F01B1D18223CB500B14D65 /* CWCoreTextView.m */,
				5579949219EE3E6B006C8E4F /* CWTouchesGestureRecognizer.h */,
				5579949319EE3E6B006C8E4F /* CWTouchesGestureRecognizer.m */,
				55F01AFF18223C7C00B14D65 /* Images.xcassets */,
				55F01AEE18223C7C00B14D65 /* Supporting Files */,
			);
			path = CoreTextDemo_iOS7;
			sourceTree = "<group>";
		};
		55F01AEE18223C7C00B14D65 /* Supporting Files */ = {
			isa = PBXGroup;
			children = (
				55759C511827A25500D82CB6 /* emotionImage.plist */,
				55759C521827A25500D82CB6 /* emotion.plist */,
				55F01AEF18223C7C00B14D65 /* CoreTextDemo_iOS7-Info.plist */,
				55F01AF018223C7C00B14D65 /* InfoPlist.strings */,
				55F01AF318223C7C00B14D65 /* main.m */,
				55F01AF518223C7C00B14D65 /* CoreTextDemo_iOS7-Prefix.pch */,
			);
			name = "Supporting Files";
			sourceTree = "<group>";
		};
		55F01B0C18223C7C00B14D65 /* CoreTextDemo_iOS7Tests */ = {
			isa = PBXGroup;
			children = (
				55F01B1218223C7C00B14D65 /* CoreTextDemo_iOS7Tests.m */,
				55F01B0D18223C7C00B14D65 /* Supporting Files */,
			);
			path = CoreTextDemo_iOS7Tests;
			sourceTree = "<group>";
		};
		55F01B0D18223C7C00B14D65 /* Supporting Files */ = {
			isa = PBXGroup;
			children = (
				55F01B0E18223C7C00B14D65 /* CoreTextDemo_iOS7Tests-Info.plist */,
				55F01B0F18223C7C00B14D65 /* InfoPlist.strings */,
			);
			name = "Supporting Files";
			sourceTree = "<group>";
		};
/* End PBXGroup section */

/* Begin PBXNativeTarget section */
		55F01AE318223C7C00B14D65 /* CoreTextDemo_iOS7 */ = {
			isa = PBXNativeTarget;
			buildConfigurationList = 55F01B1618223C7C00B14D65 /* Build configuration list for PBXNativeTarget "CoreTextDemo_iOS7" */;
			buildPhases = (
				55F01AE018223C7C00B14D65 /* Sources */,
				55F01AE118223C7C00B14D65 /* Frameworks */,
				55F01AE218223C7C00B14D65 /* Resources */,
			);
			buildRules = (
			);
			dependencies = (
			);
			name = CoreTextDemo_iOS7;
			productName = CoreTextDemo_iOS7;
			productReference = 55F01AE418223C7C00B14D65 /* CoreTextDemo_iOS7.app */;
			productType = "com.apple.product-type.application";
		};
		55F01B0418223C7C00B14D65 /* CoreTextDemo_iOS7Tests */ = {
			isa = PBXNativeTarget;
			buildConfigurationList = 55F01B1918223C7C00B14D65 /* Build configuration list for PBXNativeTarget "CoreTextDemo_iOS7Tests" */;
			buildPhases = (
				55F01B0118223C7C00B14D65 /* Sources */,
				55F01B0218223C7C00B14D65 /* Frameworks */,
				55F01B0318223C7C00B14D65 /* Resources */,
			);
			buildRules = (
			);
			dependencies = (
				55F01B0B18223C7C00B14D65 /* PBXTargetDependency */,
			);
			name = CoreTextDemo_iOS7Tests;
			productName = CoreTextDemo_iOS7Tests;
			productReference = 55F01B0518223C7C00B14D65 /* CoreTextDemo_iOS7Tests.xctest */;
			productType = "com.apple.product-type.bundle.unit-test";
		};
/* End PBXNativeTarget section */

/* Begin PBXProject section */
		55F01ADC18223C7C00B14D65 /* Project object */ = {
			isa = PBXProject;
			attributes = {
				LastUpgradeCheck = 0610;
				ORGANIZATIONNAME = cxjwin;
				TargetAttributes = {
					55F01B0418223C7C00B14D65 = {
						TestTargetID = 55F01AE318223C7C00B14D65;
					};
				};
			};
			buildConfigurationList = 55F01ADF18223C7C00B14D65 /* Build configuration list for PBXProject "CoreTextDemo_iOS7" */;
			compatibilityVersion = "Xcode 3.2";
			developmentRegion = English;
			hasScannedForEncodings = 0;
			knownRegions = (
				en,
				Base,
			);
			mainGroup = 55F01ADB18223C7C00B14D65;
			productRefGroup = 55F01AE518223C7C00B14D65 /* Products */;
			projectDirPath = "";
			projectRoot = "";
			targets = (
				55F01AE318223C7C00B14D65 /* CoreTextDemo_iOS7 */,
				55F01B0418223C7C00B14D65 /* CoreTextDemo_iOS7Tests */,
			);
		};
/* End PBXProject section */

/* Begin PBXResourcesBuildPhase section */
		55F01AE218223C7C00B14D65 /* Resources */ = {
			isa = PBXResourcesBuildPhase;
			buildActionMask = 2147483647;
			files = (
				55759C441827A24100D82CB6 /* face88.png in Resources */,
				55759BFC1827A24100D82CB6 /* face22.png in Resources */,
				55759BF41827A24100D82CB6 /* face15.png in Resources */,
				55759C071827A24100D82CB6 /* face32.png in Resources */,
				55759C051827A24100D82CB6 /* face30.png in Resources */,
				55759BFE1827A24100D82CB6 /* face24.png in Resources */,
				55759C431827A24100D82CB6 /* face87.png in Resources */,
				55759C4D1827A24100D82CB6 /* face96.gif in Resources */,
				55759C081827A24100D82CB6 /* face33.gif in Resources */,
				55759C4A1827A24100D82CB6 /* face93.png in Resources */,
				55759C421827A24100D82CB6 /* face86.png in Resources */,
				55759C231827A24100D82CB6 /* face58.png in Resources */,
				55759BF91827A24100D82CB6 /* face2.png in Resources */,
				55759C3A1827A24100D82CB6 /* face79.png in Resources */,
				55759C361827A24100D82CB6 /* face75.png in Resources */,
				55759C501827A24100D82CB6 /* face99.gif in Resources */,
				55759C111827A24100D82CB6 /* face41.png in Resources */,
				55759C491827A24100D82CB6 /* face92.png in Resources */,
				55759C391827A24100D82CB6 /* face78.png in Resources */,
				55759C221827A24100D82CB6 /* face57.png in Resources */,
				55759C301827A24100D82CB6 /* face7.png in Resources */,
				55759C1C1827A24100D82CB6 /* face51.png in Resources */,
				55759C181827A24100D82CB6 /* face48.png in Resources */,
				55759BEE1827A24100D82CB6 /* face102.png in Resources */,
				55759BF81827A24100D82CB6 /* face19.png in Resources */,
				55759C0B1827A24100D82CB6 /* face36.png in Resources */,
				55759C1A1827A24100D82CB6 /* face5.png in Resources */,
				55759C3D1827A24100D82CB6 /* face81.png in Resources */,
				55759C021827A24100D82CB6 /* face28.png in Resources */,
				55759BEA1827A24100D82CB6 /* face1.png in Resources */,
				55759BF31827A24100D82CB6 /* face14.png in Resources */,
				55759C281827A24100D82CB6 /* face62.gif in Resources */,
				55759C2D1827A24100D82CB6 /* face67.png in Resources */,
				55759C001827A24100D82CB6 /* face26.png in Resources */,
				55759C0D1827A24100D82CB6 /* face38.png in Resources */,
				55759BFF1827A24100D82CB6 /* face25.png in Resources */,
				55759C2B1827A24100D82CB6 /* face65.png in Resources */,
				55759BF61827A24100D82CB6 /* face17.png in Resources */,
				55759C271827A24100D82CB6 /* face61.gif in Resources */,
				55759C4C1827A24100D82CB6 /* face95.gif in Resources */,
				55F01B0018223C7C00B14D65 /* Images.xcassets in Resources */,
				55759C461827A24100D82CB6 /* face9.png in Resources */,
				55759C291827A24100D82CB6 /* face63.gif in Resources */,
				55759C211827A24100D82CB6 /* face56.png in Resources */,
				55759C151827A24100D82CB6 /* face45.png in Resources */,
				55759C331827A24100D82CB6 /* face72.gif in Resources */,
				55F01AF218223C7C00B14D65 /* InfoPlist.strings in Resources */,
				55759BED1827A24100D82CB6 /* face101.png in Resources */,
				55759C241827A24100D82CB6 /* face59.png in Resources */,
				55759C061827A24100D82CB6 /* face31.png in Resources */,
				55759C0C1827A24100D82CB6 /* face37.png in Resources */,
				55759C341827A24100D82CB6 /* face73.png in Resources */,
				55759C401827A24100D82CB6 /* face84.gif in Resources */,
				55759C031827A24100D82CB6 /* face29.png in Resources */,
				55759C1D1827A24100D82CB6 /* face52.png in Resources */,
				55759C381827A24100D82CB6 /* face77.png in Resources */,
				55759C201827A24100D82CB6 /* face55.gif in Resources */,
				55759C4B1827A24100D82CB6 /* face94.png in Resources */,
				55759C0F1827A24100D82CB6 /* face4.png in Resources */,
				55759C4F1827A24100D82CB6 /* face98.gif in Resources */,
				55759BFD1827A24100D82CB6 /* face23.png in Resources */,
				55759C351827A24100D82CB6 /* face74.png in Resources */,
				55759C121827A24100D82CB6 /* face42.png in Resources */,
				55759C1F1827A24100D82CB6 /* face54.png in Resources */,
				55759BEB1827A24100D82CB6 /* face10.png in Resources */,
				55759C321827A24100D82CB6 /* face71.gif in Resources */,
				55759C541827A25500D82CB6 /* emotion.plist in Resources */,
				55759C251827A24100D82CB6 /* face6.png in Resources */,
				55759BF51827A24100D82CB6 /* face16.png in Resources */,
				55759C011827A24100D82CB6 /* face27.png in Resources */,
				55759C481827A24100D82CB6 /* face91.png in Resources */,
				55F01AFB18223C7C00B14D65 /* Main.storyboard in Resources */,
				55759BEC1827A24100D82CB6 /* face100.gif in Resources */,
				55759BF21827A24100D82CB6 /* face13.png in Resources */,
				55759C2E1827A24100D82CB6 /* face68.png in Resources */,
				55759BF01827A24100D82CB6 /* face11.png in Resources */,
				55759C101827A24100D82CB6 /* face40.png in Resources */,
				55759C041827A24100D82CB6 /* face3.png in Resources */,
				55759BF71827A24100D82CB6 /* face18.png in Resources */,
				55759C161827A24100D82CB6 /* face46.png in Resources */,
				55759C261827A24100D82CB6 /* face60.png in Resources */,
				55759C311827A24100D82CB6 /* face70.gif in Resources */,
				55759C0E1827A24100D82CB6 /* face39.gif in Resources */,
				55759C411827A24100D82CB6 /* face85.png in Resources */,
				55759C371827A24100D82CB6 /* face76.png in Resources */,
				55759C531827A25500D82CB6 /* emotionImage.plist in Resources */,
				55759C2A1827A24100D82CB6 /* face64.gif in Resources */,
				55759C131827A24100D82CB6 /* face43.png in Resources */,
				55759C2F1827A24100D82CB6 /* face69.png in Resources */,
				55759C2C1827A24100D82CB6 /* face66.png in Resources */,
				55759C3F1827A24100D82CB6 /* face83.png in Resources */,
				55759BF11827A24100D82CB6 /* face12.png in Resources */,
				55759C471827A24100D82CB6 /* face90.png in Resources */,
				55759C3B1827A24100D82CB6 /* face8.png in Resources */,
				55759C1B1827A24100D82CB6 /* face50.png in Resources */,
				55759C141827A24100D82CB6 /* face44.png in Resources */,
				55759C3E1827A24100D82CB6 /* face82.png in Resources */,
				55759C4E1827A24100D82CB6 /* face97.gif in Resources */,
				55759C3C1827A24100D82CB6 /* face80.gif in Resources */,
				55759BFA1827A24100D82CB6 /* face20.png in Resources */,
				55759C0A1827A24100D82CB6 /* face35.png in Resources */,
				55759C451827A24100D82CB6 /* face89.png in Resources */,
				55759BEF1827A24100D82CB6 /* face103.png in Resources */,
				55759C191827A24100D82CB6 /* face49.png in Resources */,
				55759C1E1827A24100D82CB6 /* face53.png in Resources */,
				55759C171827A24100D82CB6 /* face47.png in Resources */,
				55759C091827A24100D82CB6 /* face34.png in Resources */,
				55759BFB1827A24100D82CB6 /* face21.png in Resources */,
			);
			runOnlyForDeploymentPostprocessing = 0;
		};
		55F01B0318223C7C00B14D65 /* Resources */ = {
			isa = PBXResourcesBuildPhase;
			buildActionMask = 2147483647;
			files = (
				55F01B1118223C7C00B14D65 /* InfoPlist.strings in Resources */,
			);
			runOnlyForDeploymentPostprocessing = 0;
		};
/* End PBXResourcesBuildPhase section */

/* Begin PBXSourcesBuildPhase section */
		55F01AE018223C7C00B14D65 /* Sources */ = {
			isa = PBXSourcesBuildPhase;
			buildActionMask = 2147483647;
			files = (
				55759C571827A32600D82CB6 /* NSString+Weibo.m in Sources */,
				5579949419EE3E6B006C8E4F /* CWTouchesGestureRecognizer.m in Sources */,
				55F01AFE18223C7C00B14D65 /* ViewController.m in Sources */,
				55F01AF818223C7C00B14D65 /* AppDelegate.m in Sources */,
				55F01B1E18223CB500B14D65 /* CWCoreTextView.m in Sources */,
				5546F9C919EE51C100328E5E /* CWTextStorage.m in Sources */,
				55F01AF418223C7C00B14D65 /* main.m in Sources */,
			);
			runOnlyForDeploymentPostprocessing = 0;
		};
		55F01B0118223C7C00B14D65 /* Sources */ = {
			isa = PBXSourcesBuildPhase;
			buildActionMask = 2147483647;
			files = (
				55F01B1318223C7C00B14D65 /* CoreTextDemo_iOS7Tests.m in Sources */,
			);
			runOnlyForDeploymentPostprocessing = 0;
		};
/* End PBXSourcesBuildPhase section */

/* Begin PBXTargetDependency section */
		55F01B0B18223C7C00B14D65 /* PBXTargetDependency */ = {
			isa = PBXTargetDependency;
			target = 55F01AE318223C7C00B14D65 /* CoreTextDemo_iOS7 */;
			targetProxy = 55F01B0A18223C7C00B14D65 /* PBXContainerItemProxy */;
		};
/* End PBXTargetDependency section */

/* Begin PBXVariantGroup section */
		55F01AF018223C7C00B14D65 /* InfoPlist.strings */ = {
			isa = PBXVariantGroup;
			children = (
				55F01AF118223C7C00B14D65 /* en */,
			);
			name = InfoPlist.strings;
			sourceTree = "<group>";
		};
		55F01AF918223C7C00B14D65 /* Main.storyboard */ = {
			isa = PBXVariantGroup;
			children = (
				55F01AFA18223C7C00B14D65 /* Base */,
			);
			name = Main.storyboard;
			sourceTree = "<group>";
		};
		55F01B0F18223C7C00B14D65 /* InfoPlist.strings */ = {
			isa = PBXVariantGroup;
			children = (
				55F01B1018223C7C00B14D65 /* en */,
			);
			name = InfoPlist.strings;
			sourceTree = "<group>";
		};
/* End PBXVariantGroup section */

/* Begin XCBuildConfiguration section */
		55F01B1418223C7C00B14D65 /* Debug */ = {
			isa = XCBuildConfiguration;
			buildSettings = {
				ALWAYS_SEARCH_USER_PATHS = NO;
				CLANG_CXX_LANGUAGE_STANDARD = "gnu++0x";
				CLANG_CXX_LIBRARY = "libc++";
				CLANG_ENABLE_MODULES = YES;
				CLANG_ENABLE_OBJC_ARC = YES;
				CLANG_WARN_BOOL_CONVERSION = YES;
				CLANG_WARN_CONSTANT_CONVERSION = YES;
				CLANG_WARN_DIRECT_OBJC_ISA_USAGE = YES_ERROR;
				CLANG_WARN_EMPTY_BODY = YES;
				CLANG_WARN_ENUM_CONVERSION = YES;
				CLANG_WARN_INT_CONVERSION = YES;
				CLANG_WARN_OBJC_ROOT_CLASS = YES_ERROR;
				CLANG_WARN__DUPLICATE_METHOD_MATCH = YES;
				"CODE_SIGN_IDENTITY[sdk=iphoneos*]" = "iPhone Developer";
				COPY_PHASE_STRIP = NO;
				GCC_C_LANGUAGE_STANDARD = gnu99;
				GCC_DYNAMIC_NO_PIC = NO;
				GCC_OPTIMIZATION_LEVEL = 0;
				GCC_PREPROCESSOR_DEFINITIONS = (
					"DEBUG=1",
					"$(inherited)",
				);
				GCC_SYMBOLS_PRIVATE_EXTERN = NO;
				GCC_WARN_64_TO_32_BIT_CONVERSION = YES;
				GCC_WARN_ABOUT_RETURN_TYPE = YES_ERROR;
				GCC_WARN_UNDECLARED_SELECTOR = YES;
				GCC_WARN_UNINITIALIZED_AUTOS = YES;
				GCC_WARN_UNUSED_FUNCTION = YES;
				GCC_WARN_UNUSED_VARIABLE = YES;
				IPHONEOS_DEPLOYMENT_TARGET = 7.0;
				ONLY_ACTIVE_ARCH = YES;
				SDKROOT = iphoneos;
			};
			name = Debug;
		};
		55F01B1518223C7C00B14D65 /* Release */ = {
			isa = XCBuildConfiguration;
			buildSettings = {
				ALWAYS_SEARCH_USER_PATHS = NO;
				CLANG_CXX_LANGUAGE_STANDARD = "gnu++0x";
				CLANG_CXX_LIBRARY = "libc++";
				CLANG_ENABLE_MODULES = YES;
				CLANG_ENABLE_OBJC_ARC = YES;
				CLANG_WARN_BOOL_CONVERSION = YES;
				CLANG_WARN_CONSTANT_CONVERSION = YES;
				CLANG_WARN_DIRECT_OBJC_ISA_USAGE = YES_ERROR;
				CLANG_WARN_EMPTY_BODY = YES;
				CLANG_WARN_ENUM_CONVERSION = YES;
				CLANG_WARN_INT_CONVERSION = YES;
				CLANG_WARN_OBJC_ROOT_CLASS = YES_ERROR;
				CLANG_WARN__DUPLICATE_METHOD_MATCH = YES;
				"CODE_SIGN_IDENTITY[sdk=iphoneos*]" = "iPhone Developer";
				COPY_PHASE_STRIP = YES;
				ENABLE_NS_ASSERTIONS = NO;
				GCC_C_LANGUAGE_STANDARD = gnu99;
				GCC_WARN_64_TO_32_BIT_CONVERSION = YES;
				GCC_WARN_ABOUT_RETURN_TYPE = YES_ERROR;
				GCC_WARN_UNDECLARED_SELECTOR = YES;
				GCC_WARN_UNINITIALIZED_AUTOS = YES;
				GCC_WARN_UNUSED_FUNCTION = YES;
				GCC_WARN_UNUSED_VARIABLE = YES;
				IPHONEOS_DEPLOYMENT_TARGET = 7.0;
				SDKROOT = iphoneos;
				VALIDATE_PRODUCT = YES;
			};
			name = Release;
		};
		55F01B1718223C7C00B14D65 /* Debug */ = {
			isa = XCBuildConfiguration;
			buildSettings = {
				ASSETCATALOG_COMPILER_APPICON_NAME = AppIcon;
				ASSETCATALOG_COMPILER_LAUNCHIMAGE_NAME = LaunchImage;
				GCC_PRECOMPILE_PREFIX_HEADER = YES;
				GCC_PREFIX_HEADER = "CoreTextDemo_iOS7/CoreTextDemo_iOS7-Prefix.pch";
				INFOPLIST_FILE = "CoreTextDemo_iOS7/CoreTextDemo_iOS7-Info.plist";
				IPHONEOS_DEPLOYMENT_TARGET = 7.0;
				PRODUCT_NAME = "$(TARGET_NAME)";
				SDKROOT = iphoneos;
				TARGETED_DEVICE_FAMILY = 1;
				WRAPPER_EXTENSION = app;
			};
			name = Debug;
		};
		55F01B1818223C7C00B14D65 /* Release */ = {
			isa = XCBuildConfiguration;
			buildSettings = {
				ASSETCATALOG_COMPILER_APPICON_NAME = AppIcon;
				ASSETCATALOG_COMPILER_LAUNCHIMAGE_NAME = LaunchImage;
				GCC_PRECOMPILE_PREFIX_HEADER = YES;
				GCC_PREFIX_HEADER = "CoreTextDemo_iOS7/CoreTextDemo_iOS7-Prefix.pch";
				INFOPLIST_FILE = "CoreTextDemo_iOS7/CoreTextDemo_iOS7-Info.plist";
				IPHONEOS_DEPLOYMENT_TARGET = 7.0;
				PRODUCT_NAME = "$(TARGET_NAME)";
				SDKROOT = iphoneos;
				TARGETED_DEVICE_FAMILY = 1;
				WRAPPER_EXTENSION = app;
			};
			name = Release;
		};
		55F01B1A18223C7C00B14D65 /* Debug */ = {
			isa = XCBuildConfiguration;
			buildSettings = {
				BUNDLE_LOADER = "$(BUILT_PRODUCTS_DIR)/CoreTextDemo_iOS7.app/CoreTextDemo_iOS7";
				FRAMEWORK_SEARCH_PATHS = (
					"$(SDKROOT)/Developer/Library/Frameworks",
					"$(inherited)",
					"$(DEVELOPER_FRAMEWORKS_DIR)",
				);
				GCC_PRECOMPILE_PREFIX_HEADER = YES;
				GCC_PREFIX_HEADER = "CoreTextDemo_iOS7/CoreTextDemo_iOS7-Prefix.pch";
				GCC_PREPROCESSOR_DEFINITIONS = (
					"DEBUG=1",
					"$(inherited)",
				);
				INFOPLIST_FILE = "CoreTextDemo_iOS7Tests/CoreTextDemo_iOS7Tests-Info.plist";
				PRODUCT_NAME = "$(TARGET_NAME)";
				TEST_HOST = "$(BUNDLE_LOADER)";
				WRAPPER_EXTENSION = xctest;
			};
			name = Debug;
		};
		55F01B1B18223C7C00B14D65 /* Release */ = {
			isa = XCBuildConfiguration;
			buildSettings = {
				BUNDLE_LOADER = "$(BUILT_PRODUCTS_DIR)/CoreTextDemo_iOS7.app/CoreTextDemo_iOS7";
				FRAMEWORK_SEARCH_PATHS = (
					"$(SDKROOT)/Developer/Library/Frameworks",
					"$(inherited)",
					"$(DEVELOPER_FRAMEWORKS_DIR)",
				);
				GCC_PRECOMPILE_PREFIX_HEADER = YES;
				GCC_PREFIX_HEADER = "CoreTextDemo_iOS7/CoreTextDemo_iOS7-Prefix.pch";
				INFOPLIST_FILE = "CoreTextDemo_iOS7Tests/CoreTextDemo_iOS7Tests-Info.plist";
				PRODUCT_NAME = "$(TARGET_NAME)";
				TEST_HOST = "$(BUNDLE_LOADER)";
				WRAPPER_EXTENSION = xctest;
			};
			name = Release;
		};
/* End XCBuildConfiguration section */

/* Begin XCConfigurationList section */
		55F01ADF18223C7C00B14D65 /* Build configuration list for PBXProject "CoreTextDemo_iOS7" */ = {
			isa = XCConfigurationList;
			buildConfigurations = (
				55F01B1418223C7C00B14D65 /* Debug */,
				55F01B1518223C7C00B14D65 /* Release */,
			);
			defaultConfigurationIsVisible = 0;
			defaultConfigurationName = Release;
		};
		55F01B1618223C7C00B14D65 /* Build configuration list for PBXNativeTarget "CoreTextDemo_iOS7" */ = {
			isa = XCConfigurationList;
			buildConfigurations = (
				55F01B1718223C7C00B14D65 /* Debug */,
				55F01B1818223C7C00B14D65 /* Release */,
			);
			defaultConfigurationIsVisible = 0;
			defaultConfigurationName = Release;
		};
		55F01B1918223C7C00B14D65 /* Build configuration list for PBXNativeTarget "CoreTextDemo_iOS7Tests" */ = {
			isa = XCConfigurationList;
			buildConfigurations = (
				55F01B1A18223C7C00B14D65 /* Debug */,
				55F01B1B18223C7C00B14D65 /* Release */,
			);
			defaultConfigurationIsVisible = 0;
			defaultConfigurationName = Release;
		};
/* End XCConfigurationList section */
	};
	rootObject = 55F01ADC18223C7C00B14D65 /* Project object */;
}
